// !$*UTF8*$!
{
	archiveVersion = 1;
	classes = {
	};
	objectVersion = 56;
	objects = {

/* Begin PBXBuildFile section */
		783E73452B80684D009A01FD /* The_MouveApp.swift in Sources */ = {isa = PBXBuildFile; fileRef = 783E73442B80684D009A01FD /* The_MouveApp.swift */; };
		783E73472B80684D009A01FD /* ContentView.swift in Sources */ = {isa = PBXBuildFile; fileRef = 783E73462B80684D009A01FD /* ContentView.swift */; };
		783E73492B80684E009A01FD /* Assets.xcassets in Resources */ = {isa = PBXBuildFile; fileRef = 783E73482B80684E009A01FD /* Assets.xcassets */; };
		783E734C2B80684E009A01FD /* Preview Assets.xcassets in Resources */ = {isa = PBXBuildFile; fileRef = 783E734B2B80684E009A01FD /* Preview Assets.xcassets */; };
		783E73562B80684E009A01FD /* The_MouveTests.swift in Sources */ = {isa = PBXBuildFile; fileRef = 783E73552B80684E009A01FD /* The_MouveTests.swift */; };
		783E73602B80684E009A01FD /* The_MouveUITests.swift in Sources */ = {isa = PBXBuildFile; fileRef = 783E735F2B80684E009A01FD /* The_MouveUITests.swift */; };
		783E73622B80684E009A01FD /* The_MouveUITestsLaunchTests.swift in Sources */ = {isa = PBXBuildFile; fileRef = 783E73612B80684E009A01FD /* The_MouveUITestsLaunchTests.swift */; };
/* End PBXBuildFile section */

/* Begin PBXContainerItemProxy section */
		783E73522B80684E009A01FD /* PBXContainerItemProxy */ = {
			isa = PBXContainerItemProxy;
			containerPortal = 783E73392B80684D009A01FD /* Project object */;
			proxyType = 1;
			remoteGlobalIDString = 783E73402B80684D009A01FD;
			remoteInfo = "The Mouve";
		};
		783E735C2B80684E009A01FD /* PBXContainerItemProxy */ = {
			isa = PBXContainerItemProxy;
			containerPortal = 783E73392B80684D009A01FD /* Project object */;
			proxyType = 1;
			remoteGlobalIDString = 783E73402B80684D009A01FD;
			remoteInfo = "The Mouve";
		};
/* End PBXContainerItemProxy section */

/* Begin PBXFileReference section */
		783E73412B80684D009A01FD /* The Mouve.app */ = {isa = PBXFileReference; explicitFileType = wrapper.application; includeInIndex = 0; path = "The Mouve.app"; sourceTree = BUILT_PRODUCTS_DIR; };
		783E73442B80684D009A01FD /* The_MouveApp.swift */ = {isa = PBXFileReference; lastKnownFileType = sourcecode.swift; path = The_MouveApp.swift; sourceTree = "<group>"; };
		783E73462B80684D009A01FD /* ContentView.swift */ = {isa = PBXFileReference; lastKnownFileType = sourcecode.swift; path = ContentView.swift; sourceTree = "<group>"; };
		783E73482B80684E009A01FD /* Assets.xcassets */ = {isa = PBXFileReference; lastKnownFileType = folder.assetcatalog; path = Assets.xcassets; sourceTree = "<group>"; };
		783E734B2B80684E009A01FD /* Preview Assets.xcassets */ = {isa = PBXFileReference; lastKnownFileType = folder.assetcatalog; path = "Preview Assets.xcassets"; sourceTree = "<group>"; };
		783E73512B80684E009A01FD /* The MouveTests.xctest */ = {isa = PBXFileReference; explicitFileType = wrapper.cfbundle; includeInIndex = 0; path = "The MouveTests.xctest"; sourceTree = BUILT_PRODUCTS_DIR; };
		783E73552B80684E009A01FD /* The_MouveTests.swift */ = {isa = PBXFileReference; lastKnownFileType = sourcecode.swift; path = The_MouveTests.swift; sourceTree = "<group>"; };
		783E735B2B80684E009A01FD /* The MouveUITests.xctest */ = {isa = PBXFileReference; explicitFileType = wrapper.cfbundle; includeInIndex = 0; path = "The MouveUITests.xctest"; sourceTree = BUILT_PRODUCTS_DIR; };
		783E735F2B80684E009A01FD /* The_MouveUITests.swift */ = {isa = PBXFileReference; lastKnownFileType = sourcecode.swift; path = The_MouveUITests.swift; sourceTree = "<group>"; };
		783E73612B80684E009A01FD /* The_MouveUITestsLaunchTests.swift */ = {isa = PBXFileReference; lastKnownFileType = sourcecode.swift; path = The_MouveUITestsLaunchTests.swift; sourceTree = "<group>"; };
/* End PBXFileReference section */

/* Begin PBXFrameworksBuildPhase section */
		783E733E2B80684D009A01FD /* Frameworks */ = {
			isa = PBXFrameworksBuildPhase;
			buildActionMask = 2147483647;
			files = (
			);
			runOnlyForDeploymentPostprocessing = 0;
		};
		783E734E2B80684E009A01FD /* Frameworks */ = {
			isa = PBXFrameworksBuildPhase;
			buildActionMask = 2147483647;
			files = (
			);
			runOnlyForDeploymentPostprocessing = 0;
		};
		783E73582B80684E009A01FD /* Frameworks */ = {
			isa = PBXFrameworksBuildPhase;
			buildActionMask = 2147483647;
			files = (
			);
			runOnlyForDeploymentPostprocessing = 0;
		};
/* End PBXFrameworksBuildPhase section */

/* Begin PBXGroup section */
		783E73382B80684D009A01FD = {
			isa = PBXGroup;
			children = (
				783E73432B80684D009A01FD /* The Mouve */,
				783E73542B80684E009A01FD /* The MouveTests */,
				783E735E2B80684E009A01FD /* The MouveUITests */,
				783E73422B80684D009A01FD /* Products */,
			);
			sourceTree = "<group>";
		};
		783E73422B80684D009A01FD /* Products */ = {
			isa = PBXGroup;
			children = (
				783E73412B80684D009A01FD /* The Mouve.app */,
				783E73512B80684E009A01FD /* The MouveTests.xctest */,
				783E735B2B80684E009A01FD /* The MouveUITests.xctest */,
			);
			name = Products;
			sourceTree = "<group>";
		};
		783E73432B80684D009A01FD /* The Mouve */ = {
			isa = PBXGroup;
			children = (
				783E73442B80684D009A01FD /* The_MouveApp.swift */,
				783E73462B80684D009A01FD /* ContentView.swift */,
				783E73482B80684E009A01FD /* Assets.xcassets */,
				783E734A2B80684E009A01FD /* Preview Content */,
			);
			path = "The Mouve";
			sourceTree = "<group>";
		};
		783E734A2B80684E009A01FD /* Preview Content */ = {
			isa = PBXGroup;
			children = (
				783E734B2B80684E009A01FD /* Preview Assets.xcassets */,
			);
			path = "Preview Content";
			sourceTree = "<group>";
		};
		783E73542B80684E009A01FD /* The MouveTests */ = {
			isa = PBXGroup;
			children = (
				783E73552B80684E009A01FD /* The_MouveTests.swift */,
			);
			path = "The MouveTests";
			sourceTree = "<group>";
		};
		783E735E2B80684E009A01FD /* The MouveUITests */ = {
			isa = PBXGroup;
			children = (
				783E735F2B80684E009A01FD /* The_MouveUITests.swift */,
				783E73612B80684E009A01FD /* The_MouveUITestsLaunchTests.swift */,
			);
			path = "The MouveUITests";
			sourceTree = "<group>";
		};
/* End PBXGroup section */

/* Begin PBXNativeTarget section */
		783E73402B80684D009A01FD /* The Mouve */ = {
			isa = PBXNativeTarget;
			buildConfigurationList = 783E73652B80684E009A01FD /* Build configuration list for PBXNativeTarget "The Mouve" */;
			buildPhases = (
				783E733D2B80684D009A01FD /* Sources */,
				783E733E2B80684D009A01FD /* Frameworks */,
				783E733F2B80684D009A01FD /* Resources */,
			);
			buildRules = (
			);
			dependencies = (
			);
			name = "The Mouve";
			productName = "The Mouve";
			productReference = 783E73412B80684D009A01FD /* The Mouve.app */;
			productType = "com.apple.product-type.application";
		};
		783E73502B80684E009A01FD /* The MouveTests */ = {
			isa = PBXNativeTarget;
			buildConfigurationList = 783E73682B80684E009A01FD /* Build configuration list for PBXNativeTarget "The MouveTests" */;
			buildPhases = (
				783E734D2B80684E009A01FD /* Sources */,
				783E734E2B80684E009A01FD /* Frameworks */,
				783E734F2B80684E009A01FD /* Resources */,
			);
			buildRules = (
			);
			dependencies = (
				783E73532B80684E009A01FD /* PBXTargetDependency */,
			);
			name = "The MouveTests";
			productName = "The MouveTests";
			productReference = 783E73512B80684E009A01FD /* The MouveTests.xctest */;
			productType = "com.apple.product-type.bundle.unit-test";
		};
		783E735A2B80684E009A01FD /* The MouveUITests */ = {
			isa = PBXNativeTarget;
			buildConfigurationList = 783E736B2B80684E009A01FD /* Build configuration list for PBXNativeTarget "The MouveUITests" */;
			buildPhases = (
				783E73572B80684E009A01FD /* Sources */,
				783E73582B80684E009A01FD /* Frameworks */,
				783E73592B80684E009A01FD /* Resources */,
			);
			buildRules = (
			);
			dependencies = (
				783E735D2B80684E009A01FD /* PBXTargetDependency */,
			);
			name = "The MouveUITests";
			productName = "The MouveUITests";
			productReference = 783E735B2B80684E009A01FD /* The MouveUITests.xctest */;
			productType = "com.apple.product-type.bundle.ui-testing";
		};
/* End PBXNativeTarget section */

/* Begin PBXProject section */
		783E73392B80684D009A01FD /* Project object */ = {
			isa = PBXProject;
			attributes = {
				BuildIndependentTargetsInParallel = 1;
				LastSwiftUpdateCheck = 1530;
				LastUpgradeCheck = 1530;
				TargetAttributes = {
					783E73402B80684D009A01FD = {
						CreatedOnToolsVersion = 15.3;
					};
					783E73502B80684E009A01FD = {
						CreatedOnToolsVersion = 15.3;
						TestTargetID = 783E73402B80684D009A01FD;
					};
					783E735A2B80684E009A01FD = {
						CreatedOnToolsVersion = 15.3;
						TestTargetID = 783E73402B80684D009A01FD;
					};
				};
			};
			buildConfigurationList = 783E733C2B80684D009A01FD /* Build configuration list for PBXProject "The Mouve" */;
			compatibilityVersion = "Xcode 14.0";
			developmentRegion = en;
			hasScannedForEncodings = 0;
			knownRegions = (
				en,
				Base,
			);
			mainGroup = 783E73382B80684D009A01FD;
			productRefGroup = 783E73422B80684D009A01FD /* Products */;
			projectDirPath = "";
			projectRoot = "";
			targets = (
				783E73402B80684D009A01FD /* The Mouve */,
				783E73502B80684E009A01FD /* The MouveTests */,
				783E735A2B80684E009A01FD /* The MouveUITests */,
			);
		};
/* End PBXProject section */

/* Begin PBXResourcesBuildPhase section */
		783E733F2B80684D009A01FD /* Resources */ = {
			isa = PBXResourcesBuildPhase;
			buildActionMask = 2147483647;
			files = (
				783E734C2B80684E009A01FD /* Preview Assets.xcassets in Resources */,
				783E73492B80684E009A01FD /* Assets.xcassets in Resources */,
			);
			runOnlyForDeploymentPostprocessing = 0;
		};
		783E734F2B80684E009A01FD /* Resources */ = {
			isa = PBXResourcesBuildPhase;
			buildActionMask = 2147483647;
			files = (
			);
			runOnlyForDeploymentPostprocessing = 0;
		};
		783E73592B80684E009A01FD /* Resources */ = {
			isa = PBXResourcesBuildPhase;
			buildActionMask = 2147483647;
			files = (
			);
			runOnlyForDeploymentPostprocessing = 0;
		};
/* End PBXResourcesBuildPhase section */

/* Begin PBXSourcesBuildPhase section */
		783E733D2B80684D009A01FD /* Sources */ = {
			isa = PBXSourcesBuildPhase;
			buildActionMask = 2147483647;
			files = (
				783E73472B80684D009A01FD /* ContentView.swift in Sources */,
				783E73452B80684D009A01FD /* The_MouveApp.swift in Sources */,
			);
			runOnlyForDeploymentPostprocessing = 0;
		};
		783E734D2B80684E009A01FD /* Sources */ = {
			isa = PBXSourcesBuildPhase;
			buildActionMask = 2147483647;
			files = (
				783E73562B80684E009A01FD /* The_MouveTests.swift in Sources */,
			);
			runOnlyForDeploymentPostprocessing = 0;
		};
		783E73572B80684E009A01FD /* Sources */ = {
			isa = PBXSourcesBuildPhase;
			buildActionMask = 2147483647;
			files = (
				783E73602B80684E009A01FD /* The_MouveUITests.swift in Sources */,
				783E73622B80684E009A01FD /* The_MouveUITestsLaunchTests.swift in Sources */,
			);
			runOnlyForDeploymentPostprocessing = 0;
		};
/* End PBXSourcesBuildPhase section */

/* Begin PBXTargetDependency section */
		783E73532B80684E009A01FD /* PBXTargetDependency */ = {
			isa = PBXTargetDependency;
			target = 783E73402B80684D009A01FD /* The Mouve */;
			targetProxy = 783E73522B80684E009A01FD /* PBXContainerItemProxy */;
		};
		783E735D2B80684E009A01FD /* PBXTargetDependency */ = {
			isa = PBXTargetDependency;
			target = 783E73402B80684D009A01FD /* The Mouve */;
			targetProxy = 783E735C2B80684E009A01FD /* PBXContainerItemProxy */;
		};
/* End PBXTargetDependency section */

/* Begin XCBuildConfiguration section */
		783E73632B80684E009A01FD /* Debug */ = {
			isa = XCBuildConfiguration;
			buildSettings = {
				ALWAYS_SEARCH_USER_PATHS = NO;
				ASSETCATALOG_COMPILER_GENERATE_SWIFT_ASSET_SYMBOL_EXTENSIONS = YES;
				CLANG_ANALYZER_NONNULL = YES;
				CLANG_ANALYZER_NUMBER_OBJECT_CONVERSION = YES_AGGRESSIVE;
				CLANG_CXX_LANGUAGE_STANDARD = "gnu++20";
				CLANG_ENABLE_MODULES = YES;
				CLANG_ENABLE_OBJC_ARC = YES;
				CLANG_ENABLE_OBJC_WEAK = YES;
				CLANG_WARN_BLOCK_CAPTURE_AUTORELEASING = YES;
				CLANG_WARN_BOOL_CONVERSION = YES;
				CLANG_WARN_COMMA = YES;
				CLANG_WARN_CONSTANT_CONVERSION = YES;
				CLANG_WARN_DEPRECATED_OBJC_IMPLEMENTATIONS = YES;
				CLANG_WARN_DIRECT_OBJC_ISA_USAGE = YES_ERROR;
				CLANG_WARN_DOCUMENTATION_COMMENTS = YES;
				CLANG_WARN_EMPTY_BODY = YES;
				CLANG_WARN_ENUM_CONVERSION = YES;
				CLANG_WARN_INFINITE_RECURSION = YES;
				CLANG_WARN_INT_CONVERSION = YES;
				CLANG_WARN_NON_LITERAL_NULL_CONVERSION = YES;
				CLANG_WARN_OBJC_IMPLICIT_RETAIN_SELF = YES;
				CLANG_WARN_OBJC_LITERAL_CONVERSION = YES;
				CLANG_WARN_OBJC_ROOT_CLASS = YES_ERROR;
				CLANG_WARN_QUOTED_INCLUDE_IN_FRAMEWORK_HEADER = YES;
				CLANG_WARN_RANGE_LOOP_ANALYSIS = YES;
				CLANG_WARN_STRICT_PROTOTYPES = YES;
				CLANG_WARN_SUSPICIOUS_MOVE = YES;
				CLANG_WARN_UNGUARDED_AVAILABILITY = YES_AGGRESSIVE;
				CLANG_WARN_UNREACHABLE_CODE = YES;
				CLANG_WARN__DUPLICATE_METHOD_MATCH = YES;
				COPY_PHASE_STRIP = NO;
				DEBUG_INFORMATION_FORMAT = dwarf;
				ENABLE_STRICT_OBJC_MSGSEND = YES;
				ENABLE_TESTABILITY = YES;
				ENABLE_USER_SCRIPT_SANDBOXING = YES;
				GCC_C_LANGUAGE_STANDARD = gnu17;
				GCC_DYNAMIC_NO_PIC = NO;
				GCC_NO_COMMON_BLOCKS = YES;
				GCC_OPTIMIZATION_LEVEL = 0;
				GCC_PREPROCESSOR_DEFINITIONS = (
					"DEBUG=1",
					"$(inherited)",
				);
				GCC_WARN_64_TO_32_BIT_CONVERSION = YES;
				GCC_WARN_ABOUT_RETURN_TYPE = YES_ERROR;
				GCC_WARN_UNDECLARED_SELECTOR = YES;
				GCC_WARN_UNINITIALIZED_AUTOS = YES_AGGRESSIVE;
				GCC_WARN_UNUSED_FUNCTION = YES;
				GCC_WARN_UNUSED_VARIABLE = YES;
				IPHONEOS_DEPLOYMENT_TARGET = 17.4;
				LOCALIZATION_PREFERS_STRING_CATALOGS = YES;
				MTL_ENABLE_DEBUG_INFO = INCLUDE_SOURCE;
				MTL_FAST_MATH = YES;
				ONLY_ACTIVE_ARCH = YES;
				SDKROOT = iphoneos;
				SWIFT_ACTIVE_COMPILATION_CONDITIONS = "DEBUG $(inherited)";
				SWIFT_OPTIMIZATION_LEVEL = "-Onone";
			};
			name = Debug;
		};
		783E73642B80684E009A01FD /* Release */ = {
			isa = XCBuildConfiguration;
			buildSettings = {
				ALWAYS_SEARCH_USER_PATHS = NO;
				ASSETCATALOG_COMPILER_GENERATE_SWIFT_ASSET_SYMBOL_EXTENSIONS = YES;
				CLANG_ANALYZER_NONNULL = YES;
				CLANG_ANALYZER_NUMBER_OBJECT_CONVERSION = YES_AGGRESSIVE;
				CLANG_CXX_LANGUAGE_STANDARD = "gnu++20";
				CLANG_ENABLE_MODULES = YES;
				CLANG_ENABLE_OBJC_ARC = YES;
				CLANG_ENABLE_OBJC_WEAK = YES;
				CLANG_WARN_BLOCK_CAPTURE_AUTORELEASING = YES;
				CLANG_WARN_BOOL_CONVERSION = YES;
				CLANG_WARN_COMMA = YES;
				CLANG_WARN_CONSTANT_CONVERSION = YES;
				CLANG_WARN_DEPRECATED_OBJC_IMPLEMENTATIONS = YES;
				CLANG_WARN_DIRECT_OBJC_ISA_USAGE = YES_ERROR;
				CLANG_WARN_DOCUMENTATION_COMMENTS = YES;
				CLANG_WARN_EMPTY_BODY = YES;
				CLANG_WARN_ENUM_CONVERSION = YES;
				CLANG_WARN_INFINITE_RECURSION = YES;
				CLANG_WARN_INT_CONVERSION = YES;
				CLANG_WARN_NON_LITERAL_NULL_CONVERSION = YES;
				CLANG_WARN_OBJC_IMPLICIT_RETAIN_SELF = YES;
				CLANG_WARN_OBJC_LITERAL_CONVERSION = YES;
				CLANG_WARN_OBJC_ROOT_CLASS = YES_ERROR;
				CLANG_WARN_QUOTED_INCLUDE_IN_FRAMEWORK_HEADER = YES;
				CLANG_WARN_RANGE_LOOP_ANALYSIS = YES;
				CLANG_WARN_STRICT_PROTOTYPES = YES;
				CLANG_WARN_SUSPICIOUS_MOVE = YES;
				CLANG_WARN_UNGUARDED_AVAILABILITY = YES_AGGRESSIVE;
				CLANG_WARN_UNREACHABLE_CODE = YES;
				CLANG_WARN__DUPLICATE_METHOD_MATCH = YES;
				COPY_PHASE_STRIP = NO;
				DEBUG_INFORMATION_FORMAT = "dwarf-with-dsym";
				ENABLE_NS_ASSERTIONS = NO;
				ENABLE_STRICT_OBJC_MSGSEND = YES;
				ENABLE_USER_SCRIPT_SANDBOXING = YES;
				GCC_C_LANGUAGE_STANDARD = gnu17;
				GCC_NO_COMMON_BLOCKS = YES;
				GCC_WARN_64_TO_32_BIT_CONVERSION = YES;
				GCC_WARN_ABOUT_RETURN_TYPE = YES_ERROR;
				GCC_WARN_UNDECLARED_SELECTOR = YES;
				GCC_WARN_UNINITIALIZED_AUTOS = YES_AGGRESSIVE;
				GCC_WARN_UNUSED_FUNCTION = YES;
				GCC_WARN_UNUSED_VARIABLE = YES;
				IPHONEOS_DEPLOYMENT_TARGET = 17.4;
				LOCALIZATION_PREFERS_STRING_CATALOGS = YES;
				MTL_ENABLE_DEBUG_INFO = NO;
				MTL_FAST_MATH = YES;
				SDKROOT = iphoneos;
				SWIFT_COMPILATION_MODE = wholemodule;
				VALIDATE_PRODUCT = YES;
			};
			name = Release;
		};
		783E73662B80684E009A01FD /* Debug */ = {
			isa = XCBuildConfiguration;
			buildSettings = {
				ASSETCATALOG_COMPILER_APPICON_NAME = AppIcon;
				ASSETCATALOG_COMPILER_GLOBAL_ACCENT_COLOR_NAME = AccentColor;
				CODE_SIGN_STYLE = Automatic;
				CURRENT_PROJECT_VERSION = 1;
				DEVELOPMENT_ASSET_PATHS = "\"The Mouve/Preview Content\"";
				ENABLE_PREVIEWS = YES;
				GENERATE_INFOPLIST_FILE = YES;
				INFOPLIST_KEY_UIApplicationSceneManifest_Generation = YES;
				INFOPLIST_KEY_UIApplicationSupportsIndirectInputEvents = YES;
				INFOPLIST_KEY_UILaunchScreen_Generation = YES;
				INFOPLIST_KEY_UISupportedInterfaceOrientations_iPad = "UIInterfaceOrientationPortrait UIInterfaceOrientationPortraitUpsideDown UIInterfaceOrientationLandscapeLeft UIInterfaceOrientationLandscapeRight";
				INFOPLIST_KEY_UISupportedInterfaceOrientations_iPhone = "UIInterfaceOrientationPortrait UIInterfaceOrientationLandscapeLeft UIInterfaceOrientationLandscapeRight";
				LD_RUNPATH_SEARCH_PATHS = (
					"$(inherited)",
					"@executable_path/Frameworks",
				);
				MARKETING_VERSION = 1.0;
				PRODUCT_BUNDLE_IDENTIFIER = "test.snap.The-Mouve";
				PRODUCT_NAME = "$(TARGET_NAME)";
				SWIFT_EMIT_LOC_STRINGS = YES;
				SWIFT_VERSION = 5.0;
				TARGETED_DEVICE_FAMILY = "1,2";
			};
			name = Debug;
		};
		783E73672B80684E009A01FD /* Release */ = {
			isa = XCBuildConfiguration;
			buildSettings = {
				ASSETCATALOG_COMPILER_APPICON_NAME = AppIcon;
				ASSETCATALOG_COMPILER_GLOBAL_ACCENT_COLOR_NAME = AccentColor;
				CODE_SIGN_STYLE = Automatic;
				CURRENT_PROJECT_VERSION = 1;
				DEVELOPMENT_ASSET_PATHS = "\"The Mouve/Preview Content\"";
				ENABLE_PREVIEWS = YES;
				GENERATE_INFOPLIST_FILE = YES;
				INFOPLIST_KEY_UIApplicationSceneManifest_Generation = YES;
				INFOPLIST_KEY_UIApplicationSupportsIndirectInputEvents = YES;
				INFOPLIST_KEY_UILaunchScreen_Generation = YES;
				INFOPLIST_KEY_UISupportedInterfaceOrientations_iPad = "UIInterfaceOrientationPortrait UIInterfaceOrientationPortraitUpsideDown UIInterfaceOrientationLandscapeLeft UIInterfaceOrientationLandscapeRight";
				INFOPLIST_KEY_UISupportedInterfaceOrientations_iPhone = "UIInterfaceOrientationPortrait UIInterfaceOrientationLandscapeLeft UIInterfaceOrientationLandscapeRight";
				LD_RUNPATH_SEARCH_PATHS = (
					"$(inherited)",
					"@executable_path/Frameworks",
				);
				MARKETING_VERSION = 1.0;
				PRODUCT_BUNDLE_IDENTIFIER = "test.snap.The-Mouve";
				PRODUCT_NAME = "$(TARGET_NAME)";
				SWIFT_EMIT_LOC_STRINGS = YES;
				SWIFT_VERSION = 5.0;
				TARGETED_DEVICE_FAMILY = "1,2";
			};
			name = Release;
		};
		783E73692B80684E009A01FD /* Debug */ = {
			isa = XCBuildConfiguration;
			buildSettings = {
				ALWAYS_EMBED_SWIFT_STANDARD_LIBRARIES = YES;
				BUNDLE_LOADER = "$(TEST_HOST)";
				CODE_SIGN_STYLE = Automatic;
				CURRENT_PROJECT_VERSION = 1;
				GENERATE_INFOPLIST_FILE = YES;
				IPHONEOS_DEPLOYMENT_TARGET = 17.4;
				MARKETING_VERSION = 1.0;
				PRODUCT_BUNDLE_IDENTIFIER = "test.snap.The-MouveTests";
				PRODUCT_NAME = "$(TARGET_NAME)";
				SWIFT_EMIT_LOC_STRINGS = NO;
				SWIFT_VERSION = 5.0;
				TARGETED_DEVICE_FAMILY = "1,2";
				TEST_HOST = "$(BUILT_PRODUCTS_DIR)/The Mouve.app/$(BUNDLE_EXECUTABLE_FOLDER_PATH)/The Mouve";
			};
			name = Debug;
		};
		783E736A2B80684E009A01FD /* Release */ = {
			isa = XCBuildConfiguration;
			buildSettings = {
				ALWAYS_EMBED_SWIFT_STANDARD_LIBRARIES = YES;
				BUNDLE_LOADER = "$(TEST_HOST)";
				CODE_SIGN_STYLE = Automatic;
				CURRENT_PROJECT_VERSION = 1;
				GENERATE_INFOPLIST_FILE = YES;
				IPHONEOS_DEPLOYMENT_TARGET = 17.4;
				MARKETING_VERSION = 1.0;
				PRODUCT_BUNDLE_IDENTIFIER = "test.snap.The-MouveTests";
				PRODUCT_NAME = "$(TARGET_NAME)";
				SWIFT_EMIT_LOC_STRINGS = NO;
				SWIFT_VERSION = 5.0;
				TARGETED_DEVICE_FAMILY = "1,2";
				TEST_HOST = "$(BUILT_PRODUCTS_DIR)/The Mouve.app/$(BUNDLE_EXECUTABLE_FOLDER_PATH)/The Mouve";
			};
			name = Release;
		};
		783E736C2B80684E009A01FD /* Debug */ = {
			isa = XCBuildConfiguration;
			buildSettings = {
				ALWAYS_EMBED_SWIFT_STANDARD_LIBRARIES = YES;
				CODE_SIGN_STYLE = Automatic;
				CURRENT_PROJECT_VERSION = 1;
				GENERATE_INFOPLIST_FILE = YES;
				MARKETING_VERSION = 1.0;
				PRODUCT_BUNDLE_IDENTIFIER = "test.snap.The-MouveUITests";
				PRODUCT_NAME = "$(TARGET_NAME)";
				SWIFT_EMIT_LOC_STRINGS = NO;
				SWIFT_VERSION = 5.0;
				TARGETED_DEVICE_FAMILY = "1,2";
				TEST_TARGET_NAME = "The Mouve";
			};
			name = Debug;
		};
		783E736D2B80684E009A01FD /* Release */ = {
			isa = XCBuildConfiguration;
			buildSettings = {
				ALWAYS_EMBED_SWIFT_STANDARD_LIBRARIES = YES;
				CODE_SIGN_STYLE = Automatic;
				CURRENT_PROJECT_VERSION = 1;
				GENERATE_INFOPLIST_FILE = YES;
				MARKETING_VERSION = 1.0;
				PRODUCT_BUNDLE_IDENTIFIER = "test.snap.The-MouveUITests";
				PRODUCT_NAME = "$(TARGET_NAME)";
				SWIFT_EMIT_LOC_STRINGS = NO;
				SWIFT_VERSION = 5.0;
				TARGETED_DEVICE_FAMILY = "1,2";
				TEST_TARGET_NAME = "The Mouve";
			};
			name = Release;
		};
/* End XCBuildConfiguration section */

/* Begin XCConfigurationList section */
		783E733C2B80684D009A01FD /* Build configuration list for PBXProject "The Mouve" */ = {
			isa = XCConfigurationList;
			buildConfigurations = (
				783E73632B80684E009A01FD /* Debug */,
				783E73642B80684E009A01FD /* Release */,
			);
			defaultConfigurationIsVisible = 0;
			defaultConfigurationName = Release;
		};
		783E73652B80684E009A01FD /* Build configuration list for PBXNativeTarget "The Mouve" */ = {
			isa = XCConfigurationList;
			buildConfigurations = (
				783E73662B80684E009A01FD /* Debug */,
				783E73672B80684E009A01FD /* Release */,
			);
			defaultConfigurationIsVisible = 0;
			defaultConfigurationName = Release;
		};
		783E73682B80684E009A01FD /* Build configuration list for PBXNativeTarget "The MouveTests" */ = {
			isa = XCConfigurationList;
			buildConfigurations = (
				783E73692B80684E009A01FD /* Debug */,
				783E736A2B80684E009A01FD /* Release */,
			);
			defaultConfigurationIsVisible = 0;
			defaultConfigurationName = Release;
		};
		783E736B2B80684E009A01FD /* Build configuration list for PBXNativeTarget "The MouveUITests" */ = {
			isa = XCConfigurationList;
			buildConfigurations = (
				783E736C2B80684E009A01FD /* Debug */,
				783E736D2B80684E009A01FD /* Release */,
			);
			defaultConfigurationIsVisible = 0;
			defaultConfigurationName = Release;
		};
/* End XCConfigurationList section */
	};
	rootObject = 783E73392B80684D009A01FD /* Project object */;
}
